
Microsoft Visual Studio Solution File, Format Version 12.00
# Visual Studio Version 17
VisualStudioVersion = 17.5.33530.505
MinimumVisualStudioVersion = 10.0.40219.1
Project("{9A19103F-16F7-4668-BE54-9A1E7A4F7556}") = "ASMPT.Domain", "ASMPT.Domain\ASMPT.Domain.csproj", "{0FAC13A7-1D4D-46F5-B854-3B31CA9938DE}"
EndProject
Project("{2150E333-8FDC-42A3-9474-1A3956D46DE8}") = "Domain", "Domain", "{9FB5C744-9AA5-48CE-A699-3391FD8DB492}"
EndProject
Project("{2150E333-8FDC-42A3-9474-1A3956D46DE8}") = "FrameWork.Core", "FrameWork.Core", "{65953B9D-6330-4CC2-B6A3-31F7FCC7CB00}"
EndProject
Project("{2150E333-8FDC-42A3-9474-1A3956D46DE8}") = "Dataaccess", "Dataaccess", "{49C1CF33-B1E2-4D02-B4FC-6D915BA14507}"
EndProject
Project("{2150E333-8FDC-42A3-9474-1A3956D46DE8}") = "Application", "Application", "{F5D06A37-8018-4CC1-A259-211287AF206B}"
EndProject
Project("{2150E333-8FDC-42A3-9474-1A3956D46DE8}") = "mapping", "mapping", "{54D89DBC-E218-40AD-A4BB-5BEF996B0A69}"
EndProject
Project("{9A19103F-16F7-4668-BE54-9A1E7A4F7556}") = "ASMPT.Data", "ASMPT.Data\ASMPT.Data.csproj", "{723C37B0-6EE7-4625-B2C9-99A0232A9FBF}"
EndProject
Project("{9A19103F-16F7-4668-BE54-9A1E7A4F7556}") = "ASMPT.ApplicationService", "ASMPT.ApplicationService\ASMPT.ApplicationService.csproj", "{B724312B-07FA-4F10-A6E3-D88FB891676C}"
EndProject
Project("{2150E333-8FDC-42A3-9474-1A3956D46DE8}") = "Presentation", "Presentation", "{748EEB62-E87F-467F-A20C-2D611D9180D6}"
EndProject
Project("{9A19103F-16F7-4668-BE54-9A1E7A4F7556}") = "WebAPI", "ASMPT.WebAPI\WebAPI.csproj", "{653E5D6C-4B00-455C-B0BB-2335DD6309E8}"
EndProject
Project("{9A19103F-16F7-4668-BE54-9A1E7A4F7556}") = "ASMPT.Data.Contract", "ASMPT.Data.Contract\ASMPT.Data.Contract.csproj", "{E583E1EA-C062-49F7-AC2F-994C1A719FC1}"
EndProject
Project("{9A19103F-16F7-4668-BE54-9A1E7A4F7556}") = "ASMPT.Data.XML", "ASMPT.Data.XML\ASMPT.Data.XML.csproj", "{97779EEE-7A39-48EE-97CD-E43051823B90}"
EndProject
Project("{9A19103F-16F7-4668-BE54-9A1E7A4F7556}") = "ASMPT.ApplicationService.Contract", "ASMPT.ApplicationService.Contract\ASMPT.ApplicationService.Contract.csproj", "{19247599-CFEA-4227-ADF5-AFCF77A32F65}"
EndProject
Project("{9A19103F-16F7-4668-BE54-9A1E7A4F7556}") = "ASMPT.Domain.Test.Unit", "ASMPT.Domain.Test.Unit\ASMPT.Domain.Test.Unit.csproj", "{D5EF20F4-A0A4-45B7-90D1-03FBAB36029B}"
EndProject
Project("{9A19103F-16F7-4668-BE54-9A1E7A4F7556}") = "ASMPT.Domain.Test.Utility", "ASMPT.Domain.Test.Utility\ASMPT.Domain.Test.Utility.csproj", "{B572960D-0314-4451-9E50-6854C7D4F779}"
EndProject
Project("{2150E333-8FDC-42A3-9474-1A3956D46DE8}") = "UIWinForm", "UIWinForm", "{E78CB4FD-28E5-47B4-A84C-E075F57E1126}"
EndProject
Project("{9A19103F-16F7-4668-BE54-9A1E7A4F7556}") = "ASMPTUIWinForm", "ASMPTUIWinForm\ASMPTUIWinForm.csproj", "{D5C40BB2-C215-42C3-9DC6-67F48458C235}"
EndProject
Project("{FAE04EC0-301F-11D3-BF4B-00C04F79EFBC}") = "ASMTP.ApplicationService.Tests", "ASMTP.ApplicationService.Tests\ASMTP.ApplicationService.Tests.csproj", "{8649C5FE-899B-41D2-A28A-F0B9127FEB5D}"
EndProject
Global
	GlobalSection(SolutionConfigurationPlatforms) = preSolution
		Debug|Any CPU = Debug|Any CPU
		Release|Any CPU = Release|Any CPU
	EndGlobalSection
	GlobalSection(ProjectConfigurationPlatforms) = postSolution
		{0FAC13A7-1D4D-46F5-B854-3B31CA9938DE}.Debug|Any CPU.ActiveCfg = Debug|Any CPU
		{0FAC13A7-1D4D-46F5-B854-3B31CA9938DE}.Debug|Any CPU.Build.0 = Debug|Any CPU
		{0FAC13A7-1D4D-46F5-B854-3B31CA9938DE}.Release|Any CPU.ActiveCfg = Release|Any CPU
		{0FAC13A7-1D4D-46F5-B854-3B31CA9938DE}.Release|Any CPU.Build.0 = Release|Any CPU
		{723C37B0-6EE7-4625-B2C9-99A0232A9FBF}.Debug|Any CPU.ActiveCfg = Debug|Any CPU
		{723C37B0-6EE7-4625-B2C9-99A0232A9FBF}.Debug|Any CPU.Build.0 = Debug|Any CPU
		{723C37B0-6EE7-4625-B2C9-99A0232A9FBF}.Release|Any CPU.ActiveCfg = Release|Any CPU
		{723C37B0-6EE7-4625-B2C9-99A0232A9FBF}.Release|Any CPU.Build.0 = Release|Any CPU
		{B724312B-07FA-4F10-A6E3-D88FB891676C}.Debug|Any CPU.ActiveCfg = Debug|Any CPU
		{B724312B-07FA-4F10-A6E3-D88FB891676C}.Debug|Any CPU.Build.0 = Debug|Any CPU
		{B724312B-07FA-4F10-A6E3-D88FB891676C}.Release|Any CPU.ActiveCfg = Release|Any CPU
		{B724312B-07FA-4F10-A6E3-D88FB891676C}.Release|Any CPU.Build.0 = Release|Any CPU
		{653E5D6C-4B00-455C-B0BB-2335DD6309E8}.Debug|Any CPU.ActiveCfg = Debug|Any CPU
		{653E5D6C-4B00-455C-B0BB-2335DD6309E8}.Debug|Any CPU.Build.0 = Debug|Any CPU
		{653E5D6C-4B00-455C-B0BB-2335DD6309E8}.Release|Any CPU.ActiveCfg = Release|Any CPU
		{653E5D6C-4B00-455C-B0BB-2335DD6309E8}.Release|Any CPU.Build.0 = Release|Any CPU
		{E583E1EA-C062-49F7-AC2F-994C1A719FC1}.Debug|Any CPU.ActiveCfg = Debug|Any CPU
		{E583E1EA-C062-49F7-AC2F-994C1A719FC1}.Debug|Any CPU.Build.0 = Debug|Any CPU
		{E583E1EA-C062-49F7-AC2F-994C1A719FC1}.Release|Any CPU.ActiveCfg = Release|Any CPU
		{E583E1EA-C062-49F7-AC2F-994C1A719FC1}.Release|Any CPU.Build.0 = Release|Any CPU
		{97779EEE-7A39-48EE-97CD-E43051823B90}.Debug|Any CPU.ActiveCfg = Debug|Any CPU
		{97779EEE-7A39-48EE-97CD-E43051823B90}.Debug|Any CPU.Build.0 = Debug|Any CPU
		{97779EEE-7A39-48EE-97CD-E43051823B90}.Release|Any CPU.ActiveCfg = Release|Any CPU
		{97779EEE-7A39-48EE-97CD-E43051823B90}.Release|Any CPU.Build.0 = Release|Any CPU
		{19247599-CFEA-4227-ADF5-AFCF77A32F65}.Debug|Any CPU.ActiveCfg = Debug|Any CPU
		{19247599-CFEA-4227-ADF5-AFCF77A32F65}.Debug|Any CPU.Build.0 = Debug|Any CPU
		{19247599-CFEA-4227-ADF5-AFCF77A32F65}.Release|Any CPU.ActiveCfg = Release|Any CPU
		{19247599-CFEA-4227-ADF5-AFCF77A32F65}.Release|Any CPU.Build.0 = Release|Any CPU
		{D5EF20F4-A0A4-45B7-90D1-03FBAB36029B}.Debug|Any CPU.ActiveCfg = Debug|Any CPU
		{D5EF20F4-A0A4-45B7-90D1-03FBAB36029B}.Debug|Any CPU.Build.0 = Debug|Any CPU
		{D5EF20F4-A0A4-45B7-90D1-03FBAB36029B}.Release|Any CPU.ActiveCfg = Release|Any CPU
		{D5EF20F4-A0A4-45B7-90D1-03FBAB36029B}.Release|Any CPU.Build.0 = Release|Any CPU
		{B572960D-0314-4451-9E50-6854C7D4F779}.Debug|Any CPU.ActiveCfg = Debug|Any CPU
		{B572960D-0314-4451-9E50-6854C7D4F779}.Debug|Any CPU.Build.0 = Debug|Any CPU
		{B572960D-0314-4451-9E50-6854C7D4F779}.Release|Any CPU.ActiveCfg = Release|Any CPU
		{B572960D-0314-4451-9E50-6854C7D4F779}.Release|Any CPU.Build.0 = Release|Any CPU
		{D5C40BB2-C215-42C3-9DC6-67F48458C235}.Debug|Any CPU.ActiveCfg = Debug|Any CPU
		{D5C40BB2-C215-42C3-9DC6-67F48458C235}.Debug|Any CPU.Build.0 = Debug|Any CPU
		{D5C40BB2-C215-42C3-9DC6-67F48458C235}.Release|Any CPU.ActiveCfg = Release|Any CPU
		{D5C40BB2-C215-42C3-9DC6-67F48458C235}.Release|Any CPU.Build.0 = Release|Any CPU
		{8649C5FE-899B-41D2-A28A-F0B9127FEB5D}.Debug|Any CPU.ActiveCfg = Debug|Any CPU
		{8649C5FE-899B-41D2-A28A-F0B9127FEB5D}.Debug|Any CPU.Build.0 = Debug|Any CPU
		{8649C5FE-899B-41D2-A28A-F0B9127FEB5D}.Release|Any CPU.ActiveCfg = Release|Any CPU
		{8649C5FE-899B-41D2-A28A-F0B9127FEB5D}.Release|Any CPU.Build.0 = Release|Any CPU
	EndGlobalSection
	GlobalSection(SolutionProperties) = preSolution
		HideSolutionNode = FALSE
	EndGlobalSection
	GlobalSection(NestedProjects) = preSolution
		{0FAC13A7-1D4D-46F5-B854-3B31CA9938DE} = {9FB5C744-9AA5-48CE-A699-3391FD8DB492}
		{54D89DBC-E218-40AD-A4BB-5BEF996B0A69} = {49C1CF33-B1E2-4D02-B4FC-6D915BA14507}
		{723C37B0-6EE7-4625-B2C9-99A0232A9FBF} = {49C1CF33-B1E2-4D02-B4FC-6D915BA14507}
		{B724312B-07FA-4F10-A6E3-D88FB891676C} = {F5D06A37-8018-4CC1-A259-211287AF206B}
		{653E5D6C-4B00-455C-B0BB-2335DD6309E8} = {748EEB62-E87F-467F-A20C-2D611D9180D6}
		{E583E1EA-C062-49F7-AC2F-994C1A719FC1} = {49C1CF33-B1E2-4D02-B4FC-6D915BA14507}
		{97779EEE-7A39-48EE-97CD-E43051823B90} = {49C1CF33-B1E2-4D02-B4FC-6D915BA14507}
		{19247599-CFEA-4227-ADF5-AFCF77A32F65} = {F5D06A37-8018-4CC1-A259-211287AF206B}
		{D5EF20F4-A0A4-45B7-90D1-03FBAB36029B} = {9FB5C744-9AA5-48CE-A699-3391FD8DB492}
		{B572960D-0314-4451-9E50-6854C7D4F779} = {9FB5C744-9AA5-48CE-A699-3391FD8DB492}
		{D5C40BB2-C215-42C3-9DC6-67F48458C235} = {E78CB4FD-28E5-47B4-A84C-E075F57E1126}
		{8649C5FE-899B-41D2-A28A-F0B9127FEB5D} = {F5D06A37-8018-4CC1-A259-211287AF206B}
	EndGlobalSection
	GlobalSection(ExtensibilityGlobals) = postSolution
		SolutionGuid = {7E172B6D-F7BA-4E10-B09B-2AE2C23EC450}
	EndGlobalSection
EndGlobal
